
Microsoft Visual Studio Solution File, Format Version 12.00
# Visual Studio Version 16
VisualStudioVersion = 16.0.31005.135
MinimumVisualStudioVersion = 10.0.40219.1
Project("{FAE04EC0-301F-11D3-BF4B-00C04F79EFBC}") = "SampleForDelegate", "SampleForDelegate\SampleForDelegate.csproj", "{31DFF7C4-6DB2-4942-AF6E-F4C07BE5DE29}"
EndProject
Global
	GlobalSection(SolutionConfigurationPlatforms) = preSolution
		Debug|Any CPU = Debug|Any CPU
		Release|Any CPU = Release|Any CPU
	EndGlobalSection
	GlobalSection(ProjectConfigurationPlatforms) = postSolution
		{31DFF7C4-6DB2-4942-AF6E-F4C07BE5DE29}.Debug|Any CPU.ActiveCfg = Debug|Any CPU
		{31DFF7C4-6DB2-4942-AF6E-F4C07BE5DE29}.Debug|Any CPU.Build.0 = Debug|Any CPU
		{31DFF7C4-6DB2-4942-AF6E-F4C07BE5DE29}.Release|Any CPU.ActiveCfg = Release|Any CPU
		{31DFF7C4-6DB2-4942-AF6E-F4C07BE5DE29}.Release|Any CPU.Build.0 = Release|Any CPU
	EndGlobalSection
	GlobalSection(SolutionProperties) = preSolution
		HideSolutionNode = FALSE
	EndGlobalSection
	GlobalSection(ExtensibilityGlobals) = postSolution
		SolutionGuid = {5ABEF974-FC04-4AED-9250-1D1CD8005CFF}
	EndGlobalSection
EndGlobal
