
Microsoft Visual Studio Solution File, Format Version 12.00
# Visual Studio Version 16
VisualStudioVersion = 16.0.31424.327
MinimumVisualStudioVersion = 10.0.40219.1
Project("{FAE04EC0-301F-11D3-BF4B-00C04F79EFBC}") = "SampleForThreading", "SampleForThreading\SampleForThreading.csproj", "{28A7A377-6926-48E0-ADC4-BB43E8B55D48}"
EndProject
Global
	GlobalSection(SolutionConfigurationPlatforms) = preSolution
		Debug|Any CPU = Debug|Any CPU
		Release|Any CPU = Release|Any CPU
	EndGlobalSection
	GlobalSection(ProjectConfigurationPlatforms) = postSolution
		{28A7A377-6926-48E0-ADC4-BB43E8B55D48}.Debug|Any CPU.ActiveCfg = Debug|Any CPU
		{28A7A377-6926-48E0-ADC4-BB43E8B55D48}.Debug|Any CPU.Build.0 = Debug|Any CPU
		{28A7A377-6926-48E0-ADC4-BB43E8B55D48}.Release|Any CPU.ActiveCfg = Release|Any CPU
		{28A7A377-6926-48E0-ADC4-BB43E8B55D48}.Release|Any CPU.Build.0 = Release|Any CPU
	EndGlobalSection
	GlobalSection(SolutionProperties) = preSolution
		HideSolutionNode = FALSE
	EndGlobalSection
	GlobalSection(ExtensibilityGlobals) = postSolution
		SolutionGuid = {EF485600-45C0-428F-A4BB-26B65B99C4AF}
	EndGlobalSection
EndGlobal
